
Microsoft Visual Studio Solution File, Format Version 12.00
# Visual Studio Version 17
VisualStudioVersion = 17.14.36623.8
MinimumVisualStudioVersion = 10.0.40219.1
Project("{FAE04EC0-301F-11D3-BF4B-00C04F79EFBC}") = "Api", "Api\Api.csproj", "{CACFADC7-CE37-401D-9FFC-B1ED26CB2DE5}"
EndProject
Project("{FAE04EC0-301F-11D3-BF4B-00C04F79EFBC}") = "Service", "Service\Service.csproj", "{4779EA55-81B3-40C4-B049-CE36F1CF6B76}"
EndProject
Project("{FAE04EC0-301F-11D3-BF4B-00C04F79EFBC}") = "Service.Tests", "Service.Tests\Service.Tests.csproj", "{26046069-9773-4DBB-9298-A2504129294D}"
EndProject
Global
	GlobalSection(SolutionConfigurationPlatforms) = preSolution
		Debug|Any CPU = Debug|Any CPU
		Release|Any CPU = Release|Any CPU
	EndGlobalSection
	GlobalSection(ProjectConfigurationPlatforms) = postSolution
		{CACFADC7-CE37-401D-9FFC-B1ED26CB2DE5}.Debug|Any CPU.ActiveCfg = Debug|Any CPU
		{CACFADC7-CE37-401D-9FFC-B1ED26CB2DE5}.Debug|Any CPU.Build.0 = Debug|Any CPU
		{CACFADC7-CE37-401D-9FFC-B1ED26CB2DE5}.Release|Any CPU.ActiveCfg = Release|Any CPU
		{CACFADC7-CE37-401D-9FFC-B1ED26CB2DE5}.Release|Any CPU.Build.0 = Release|Any CPU
		{4779EA55-81B3-40C4-B049-CE36F1CF6B76}.Debug|Any CPU.ActiveCfg = Debug|Any CPU
		{4779EA55-81B3-40C4-B049-CE36F1CF6B76}.Debug|Any CPU.Build.0 = Debug|Any CPU
		{4779EA55-81B3-40C4-B049-CE36F1CF6B76}.Release|Any CPU.ActiveCfg = Release|Any CPU
		{4779EA55-81B3-40C4-B049-CE36F1CF6B76}.Release|Any CPU.Build.0 = Release|Any CPU
		{26046069-9773-4DBB-9298-A2504129294D}.Debug|Any CPU.ActiveCfg = Debug|Any CPU
		{26046069-9773-4DBB-9298-A2504129294D}.Debug|Any CPU.Build.0 = Debug|Any CPU
		{26046069-9773-4DBB-9298-A2504129294D}.Release|Any CPU.ActiveCfg = Release|Any CPU
		{26046069-9773-4DBB-9298-A2504129294D}.Release|Any CPU.Build.0 = Release|Any CPU
	EndGlobalSection
	GlobalSection(SolutionProperties) = preSolution
		HideSolutionNode = FALSE
	EndGlobalSection
	GlobalSection(ExtensibilityGlobals) = postSolution
		SolutionGuid = {C015F624-A4B6-4CED-8295-389D5147BF11}
	EndGlobalSection
EndGlobal
